
Microsoft Visual Studio Solution File, Format Version 12.00
# Visual Studio Version 17
VisualStudioVersion = 17.6.33815.320
MinimumVisualStudioVersion = 10.0.40219.1
Project("{FAE04EC0-301F-11D3-BF4B-00C04F79EFBC}") = "APIX_Winform_Demo", "APIX_Winform_Demo.csproj", "{79B380E2-3159-4B47-A4AA-34BE9F43D58E}"
EndProject
Project("{FAE04EC0-301F-11D3-BF4B-00C04F79EFBC}") = "SR_Render_Control", "..\..\Download\Graph3D_Render_Control\SR_Render_Control\SR_Render_Control.csproj", "{0BEA9559-D8A1-42FC-9B96-BCF823009375}"
EndProject
Global
	GlobalSection(SolutionConfigurationPlatforms) = preSolution
		Debug|Any CPU = Debug|Any CPU
		Release|Any CPU = Release|Any CPU
	EndGlobalSection
	GlobalSection(ProjectConfigurationPlatforms) = postSolution
		{79B380E2-3159-4B47-A4AA-34BE9F43D58E}.Debug|Any CPU.ActiveCfg = Debug|Any CPU
		{79B380E2-3159-4B47-A4AA-34BE9F43D58E}.Debug|Any CPU.Build.0 = Debug|Any CPU
		{79B380E2-3159-4B47-A4AA-34BE9F43D58E}.Release|Any CPU.ActiveCfg = Release|Any CPU
		{79B380E2-3159-4B47-A4AA-34BE9F43D58E}.Release|Any CPU.Build.0 = Release|Any CPU
		{0BEA9559-D8A1-42FC-9B96-BCF823009375}.Debug|Any CPU.ActiveCfg = Debug|Any CPU
		{0BEA9559-D8A1-42FC-9B96-BCF823009375}.Debug|Any CPU.Build.0 = Debug|Any CPU
		{0BEA9559-D8A1-42FC-9B96-BCF823009375}.Release|Any CPU.ActiveCfg = Release|Any CPU
		{0BEA9559-D8A1-42FC-9B96-BCF823009375}.Release|Any CPU.Build.0 = Release|Any CPU
	EndGlobalSection
	GlobalSection(SolutionProperties) = preSolution
		HideSolutionNode = FALSE
	EndGlobalSection
	GlobalSection(ExtensibilityGlobals) = postSolution
		SolutionGuid = {25BF266E-5901-4052-B980-FCA6FAF38A0E}
	EndGlobalSection
EndGlobal
